
Microsoft Visual Studio Solution File, Format Version 12.00
# Visual Studio Version 17
VisualStudioVersion = 17.14.37027.9
MinimumVisualStudioVersion = 10.0.40219.1
Project("{FAE04EC0-301F-11D3-BF4B-00C04F79EFBC}") = "API_Layer", "API_Layer.csproj", "{8374C254-8A08-464F-8F53-7BF02304D488}"
EndProject
Project("{FAE04EC0-301F-11D3-BF4B-00C04F79EFBC}") = "Business_Layer", "..\Business_Layer\Business_Layer.csproj", "{E751136C-DBD2-4901-8FCE-0D0ED8ED9AAA}"
EndProject
Project("{FAE04EC0-301F-11D3-BF4B-00C04F79EFBC}") = "Data_Access_Layer", "..\Data_Access_Layer\Data_Access_Layer.csproj", "{C42F3B71-2056-2052-3567-2A223199DB35}"
EndProject
Global
	GlobalSection(SolutionConfigurationPlatforms) = preSolution
		Debug|Any CPU = Debug|Any CPU
		Release|Any CPU = Release|Any CPU
	EndGlobalSection
	GlobalSection(ProjectConfigurationPlatforms) = postSolution
		{8374C254-8A08-464F-8F53-7BF02304D488}.Debug|Any CPU.ActiveCfg = Debug|Any CPU
		{8374C254-8A08-464F-8F53-7BF02304D488}.Debug|Any CPU.Build.0 = Debug|Any CPU
		{8374C254-8A08-464F-8F53-7BF02304D488}.Release|Any CPU.ActiveCfg = Release|Any CPU
		{8374C254-8A08-464F-8F53-7BF02304D488}.Release|Any CPU.Build.0 = Release|Any CPU
		{E751136C-DBD2-4901-8FCE-0D0ED8ED9AAA}.Debug|Any CPU.ActiveCfg = Debug|Any CPU
		{E751136C-DBD2-4901-8FCE-0D0ED8ED9AAA}.Debug|Any CPU.Build.0 = Debug|Any CPU
		{E751136C-DBD2-4901-8FCE-0D0ED8ED9AAA}.Release|Any CPU.ActiveCfg = Release|Any CPU
		{E751136C-DBD2-4901-8FCE-0D0ED8ED9AAA}.Release|Any CPU.Build.0 = Release|Any CPU
		{C42F3B71-2056-2052-3567-2A223199DB35}.Debug|Any CPU.ActiveCfg = Debug|Any CPU
		{C42F3B71-2056-2052-3567-2A223199DB35}.Debug|Any CPU.Build.0 = Debug|Any CPU
		{C42F3B71-2056-2052-3567-2A223199DB35}.Release|Any CPU.ActiveCfg = Release|Any CPU
		{C42F3B71-2056-2052-3567-2A223199DB35}.Release|Any CPU.Build.0 = Release|Any CPU
	EndGlobalSection
	GlobalSection(SolutionProperties) = preSolution
		HideSolutionNode = FALSE
	EndGlobalSection
	GlobalSection(ExtensibilityGlobals) = postSolution
		SolutionGuid = {CEF11597-02E2-4240-AB9C-C1FB95D8D024}
	EndGlobalSection
EndGlobal
